{
  "requires": true,
  "lockfileVersion": 1,
  "dependencies": {
    "clock": {
      "version": "file:web/clock"
    },
    "document": {
      "version": "file:web/document"
    },
    "heart-rate": {
      "version": "file:web/heart-rate"
    },
    "user-settings": {
      "version": "file:web/user-settings"
    }
  }
}
